
Microsoft Visual Studio Solution File, Format Version 12.00
# Visual Studio Version 17
VisualStudioVersion = 17.11.35222.181
MinimumVisualStudioVersion = 10.0.40219.1
Project("{FAE04EC0-301F-11D3-BF4B-00C04F79EFBC}") = "MVC_tutor", "MVC_tutor\MVC_tutor.csproj", "{0C63C0DB-F0B0-4990-91E6-2FC03CF2D7C7}"
EndProject
Project("{FAE04EC0-301F-11D3-BF4B-00C04F79EFBC}") = "Data_Tutor", "Data_Tutor\Data_Tutor.csproj", "{E6C412F0-47BA-45BA-8E4C-939B3D18AA10}"
EndProject
Global
	GlobalSection(SolutionConfigurationPlatforms) = preSolution
		Debug|Any CPU = Debug|Any CPU
		Release|Any CPU = Release|Any CPU
	EndGlobalSection
	GlobalSection(ProjectConfigurationPlatforms) = postSolution
		{0C63C0DB-F0B0-4990-91E6-2FC03CF2D7C7}.Debug|Any CPU.ActiveCfg = Debug|Any CPU
		{0C63C0DB-F0B0-4990-91E6-2FC03CF2D7C7}.Debug|Any CPU.Build.0 = Debug|Any CPU
		{0C63C0DB-F0B0-4990-91E6-2FC03CF2D7C7}.Release|Any CPU.ActiveCfg = Release|Any CPU
		{0C63C0DB-F0B0-4990-91E6-2FC03CF2D7C7}.Release|Any CPU.Build.0 = Release|Any CPU
		{E6C412F0-47BA-45BA-8E4C-939B3D18AA10}.Debug|Any CPU.ActiveCfg = Debug|Any CPU
		{E6C412F0-47BA-45BA-8E4C-939B3D18AA10}.Debug|Any CPU.Build.0 = Debug|Any CPU
		{E6C412F0-47BA-45BA-8E4C-939B3D18AA10}.Release|Any CPU.ActiveCfg = Release|Any CPU
		{E6C412F0-47BA-45BA-8E4C-939B3D18AA10}.Release|Any CPU.Build.0 = Release|Any CPU
	EndGlobalSection
	GlobalSection(SolutionProperties) = preSolution
		HideSolutionNode = FALSE
	EndGlobalSection
	GlobalSection(ExtensibilityGlobals) = postSolution
		SolutionGuid = {8EE1D777-12DA-4C99-B20B-FD0F10EA890E}
	EndGlobalSection
EndGlobal
